# Offline ceremony dependency lock for CPython 3.9 on macOS arm64.
# Generated from the named wheels and verified by SHA-256 on 2026-09-12.
# Install only from the pre-built wheelhouse:
#   python3 -m pip install --no-index --find-links ./wheelhouse \
#     --require-hashes -r requirements-macos-arm64-py39.lock
cryptography==43.0.3 \
    --hash=sha256:8ac43ae87929a5982f5948ceda07001ee5e83227fd69cf55b109144938d96984
cffi==1.17.1 \
    --hash=sha256:28b16024becceed8c6dfbc75629e27788d8a3f9030691a1dbf9821a128b22c36
pycparser==2.22 \
    --hash=sha256:c3702b6d3dd8c7abc1afa565d7e63d53a1d0bd86cdc24edd75470f4de499cfcc
