{
  "name": "@csoai/gspc-cli",
  "version": "0.2.0",
  "lockfileVersion": 3,
  "requires": true,
  "packages": {
    "": {
      "name": "@csoai/gspc-cli",
      "version": "0.2.0",
      "license": "MIT",
      "dependencies": {
        "gspc-card-verifier": "file:../gspc-card-verifier"
      },
      "bin": {
        "csoai": "bin/csoai.mjs"
      },
      "engines": {
        "node": ">=18"
      }
    },
    "../gspc-card-verifier": {
      "version": "1.0.0",
      "license": "Apache-2.0",
      "bin": {
        "gspc-verify": "bin/gspc-verify.mjs"
      },
      "engines": {
        "node": ">=19"
      }
    },
    "node_modules/gspc-card-verifier": {
      "resolved": "../gspc-card-verifier",
      "link": true
    }
  }
}
